
Microsoft Visual Studio Solution File, Format Version 12.00
# Visual Studio 15
VisualStudioVersion = 15.0.28010.2003
MinimumVisualStudioVersion = 10.0.40219.1
Project("{2150E333-8FDC-42A3-9474-1A3956D46DE8}") = "1 - InfraEstrutura", "1 - InfraEstrutura", "{3870B92A-317E-4AF9-B089-01E291D301C2}"
EndProject
Project("{2150E333-8FDC-42A3-9474-1A3956D46DE8}") = "2 - Factory", "2 - Factory", "{8C5B2173-0360-4A03-8499-D10F79B6FACE}"
EndProject
Project("{FAE04EC0-301F-11D3-BF4B-00C04F79EFBC}") = "IntegracaoPsP.Infraestrutura", "IntegracaoPsP.Infraestrutura\IntegracaoPsP.Infraestrutura.csproj", "{B6FAC65B-4FCC-46C7-8FA4-8762ED78A78D}"
EndProject
Project("{2150E333-8FDC-42A3-9474-1A3956D46DE8}") = "4 - Services", "4 - Services", "{34E57573-CC6C-4186-8F1D-AF685708E74D}"
EndProject
Project("{2150E333-8FDC-42A3-9474-1A3956D46DE8}") = "3 - UI", "3 - UI", "{9DD3736B-B26E-4E83-8D26-5B988E4BEE47}"
EndProject
Project("{FAE04EC0-301F-11D3-BF4B-00C04F79EFBC}") = "IntegracaoPsP.Factory", "IntegracaoPsP.Factory\IntegracaoPsP.Factory.csproj", "{1FED9089-3EC2-4746-A5A5-AD0F9FC36721}"
EndProject
Project("{FAE04EC0-301F-11D3-BF4B-00C04F79EFBC}") = "IntegracaoPsP.Web", "IntegracaoPsP.Web\IntegracaoPsP.Web.csproj", "{D6C8BC61-BB83-43DC-B407-294A58F4A503}"
EndProject
Project("{FAE04EC0-301F-11D3-BF4B-00C04F79EFBC}") = "IntegracaoPsP.Service", "IntegracaoPsP.Service\IntegracaoPsP.Service.csproj", "{56414682-D410-491D-BE47-EC2D79FB7E09}"
EndProject
Project("{2150E333-8FDC-42A3-9474-1A3956D46DE8}") = "FtpService", "FtpService", "{48707E5A-0ED6-4802-873F-BC75200D2A45}"
EndProject
Project("{2150E333-8FDC-42A3-9474-1A3956D46DE8}") = "IntegrationWindowsService", "IntegrationWindowsService", "{99D617F9-4FD0-4A3B-85D7-4A11998E306A}"
EndProject
Project("{FAE04EC0-301F-11D3-BF4B-00C04F79EFBC}") = "FileSearchIntegrationService.Service", "IntegracaoPsp.WindowsService\FileSearchIntegrationService.Service.csproj", "{6A7E1392-7A0D-47B5-BA6F-5A425083DBA2}"
EndProject
Project("{FAE04EC0-301F-11D3-BF4B-00C04F79EFBC}") = "ComandoAIS", "ComandoAIS\ComandoAIS.csproj", "{4E112C7C-4F10-4862-926D-0D20F65F3974}"
EndProject
Project("{2150E333-8FDC-42A3-9474-1A3956D46DE8}") = "wsdl", "wsdl", "{D53DF233-1588-4C88-8FD0-A30E85F25786}"
EndProject
Project("{FAE04EC0-301F-11D3-BF4B-00C04F79EFBC}") = "ICashWebServices", "ICashWebServices\ICashWebServices.csproj", "{7CE92357-7FA1-4CB3-BCC3-139CC6869BC5}"
EndProject
Global
	GlobalSection(SolutionConfigurationPlatforms) = preSolution
		Debug|Any CPU = Debug|Any CPU
		Debug|x64 = Debug|x64
		Debug|x86 = Debug|x86
		Release|Any CPU = Release|Any CPU
		Release|x64 = Release|x64
		Release|x86 = Release|x86
	EndGlobalSection
	GlobalSection(ProjectConfigurationPlatforms) = postSolution
		{B6FAC65B-4FCC-46C7-8FA4-8762ED78A78D}.Debug|Any CPU.ActiveCfg = Debug|Any CPU
		{B6FAC65B-4FCC-46C7-8FA4-8762ED78A78D}.Debug|Any CPU.Build.0 = Debug|Any CPU
		{B6FAC65B-4FCC-46C7-8FA4-8762ED78A78D}.Debug|x64.ActiveCfg = Debug|Any CPU
		{B6FAC65B-4FCC-46C7-8FA4-8762ED78A78D}.Debug|x64.Build.0 = Debug|Any CPU
		{B6FAC65B-4FCC-46C7-8FA4-8762ED78A78D}.Debug|x86.ActiveCfg = Debug|Any CPU
		{B6FAC65B-4FCC-46C7-8FA4-8762ED78A78D}.Debug|x86.Build.0 = Debug|Any CPU
		{B6FAC65B-4FCC-46C7-8FA4-8762ED78A78D}.Release|Any CPU.ActiveCfg = Debug|Any CPU
		{B6FAC65B-4FCC-46C7-8FA4-8762ED78A78D}.Release|Any CPU.Build.0 = Debug|Any CPU
		{B6FAC65B-4FCC-46C7-8FA4-8762ED78A78D}.Release|x64.ActiveCfg = Release|Any CPU
		{B6FAC65B-4FCC-46C7-8FA4-8762ED78A78D}.Release|x64.Build.0 = Release|Any CPU
		{B6FAC65B-4FCC-46C7-8FA4-8762ED78A78D}.Release|x86.ActiveCfg = Release|Any CPU
		{B6FAC65B-4FCC-46C7-8FA4-8762ED78A78D}.Release|x86.Build.0 = Release|Any CPU
		{1FED9089-3EC2-4746-A5A5-AD0F9FC36721}.Debug|Any CPU.ActiveCfg = Debug|Any CPU
		{1FED9089-3EC2-4746-A5A5-AD0F9FC36721}.Debug|Any CPU.Build.0 = Debug|Any CPU
		{1FED9089-3EC2-4746-A5A5-AD0F9FC36721}.Debug|x64.ActiveCfg = Debug|Any CPU
		{1FED9089-3EC2-4746-A5A5-AD0F9FC36721}.Debug|x64.Build.0 = Debug|Any CPU
		{1FED9089-3EC2-4746-A5A5-AD0F9FC36721}.Debug|x86.ActiveCfg = Debug|Any CPU
		{1FED9089-3EC2-4746-A5A5-AD0F9FC36721}.Debug|x86.Build.0 = Debug|Any CPU
		{1FED9089-3EC2-4746-A5A5-AD0F9FC36721}.Release|Any CPU.ActiveCfg = Debug|Any CPU
		{1FED9089-3EC2-4746-A5A5-AD0F9FC36721}.Release|Any CPU.Build.0 = Debug|Any CPU
		{1FED9089-3EC2-4746-A5A5-AD0F9FC36721}.Release|x64.ActiveCfg = Release|Any CPU
		{1FED9089-3EC2-4746-A5A5-AD0F9FC36721}.Release|x64.Build.0 = Release|Any CPU
		{1FED9089-3EC2-4746-A5A5-AD0F9FC36721}.Release|x86.ActiveCfg = Release|Any CPU
		{1FED9089-3EC2-4746-A5A5-AD0F9FC36721}.Release|x86.Build.0 = Release|Any CPU
		{D6C8BC61-BB83-43DC-B407-294A58F4A503}.Debug|Any CPU.ActiveCfg = Debug|Any CPU
		{D6C8BC61-BB83-43DC-B407-294A58F4A503}.Debug|Any CPU.Build.0 = Debug|Any CPU
		{D6C8BC61-BB83-43DC-B407-294A58F4A503}.Debug|x64.ActiveCfg = Debug|Any CPU
		{D6C8BC61-BB83-43DC-B407-294A58F4A503}.Debug|x64.Build.0 = Debug|Any CPU
		{D6C8BC61-BB83-43DC-B407-294A58F4A503}.Debug|x86.ActiveCfg = Debug|Any CPU
		{D6C8BC61-BB83-43DC-B407-294A58F4A503}.Debug|x86.Build.0 = Debug|Any CPU
		{D6C8BC61-BB83-43DC-B407-294A58F4A503}.Release|Any CPU.ActiveCfg = Debug|Any CPU
		{D6C8BC61-BB83-43DC-B407-294A58F4A503}.Release|Any CPU.Build.0 = Debug|Any CPU
		{D6C8BC61-BB83-43DC-B407-294A58F4A503}.Release|x64.ActiveCfg = Release|Any CPU
		{D6C8BC61-BB83-43DC-B407-294A58F4A503}.Release|x64.Build.0 = Release|Any CPU
		{D6C8BC61-BB83-43DC-B407-294A58F4A503}.Release|x86.ActiveCfg = Release|Any CPU
		{D6C8BC61-BB83-43DC-B407-294A58F4A503}.Release|x86.Build.0 = Release|Any CPU
		{56414682-D410-491D-BE47-EC2D79FB7E09}.Debug|Any CPU.ActiveCfg = Debug|Any CPU
		{56414682-D410-491D-BE47-EC2D79FB7E09}.Debug|Any CPU.Build.0 = Debug|Any CPU
		{56414682-D410-491D-BE47-EC2D79FB7E09}.Debug|x64.ActiveCfg = Debug|Any CPU
		{56414682-D410-491D-BE47-EC2D79FB7E09}.Debug|x64.Build.0 = Debug|Any CPU
		{56414682-D410-491D-BE47-EC2D79FB7E09}.Debug|x86.ActiveCfg = Debug|Any CPU
		{56414682-D410-491D-BE47-EC2D79FB7E09}.Debug|x86.Build.0 = Debug|Any CPU
		{56414682-D410-491D-BE47-EC2D79FB7E09}.Release|Any CPU.ActiveCfg = Debug|Any CPU
		{56414682-D410-491D-BE47-EC2D79FB7E09}.Release|Any CPU.Build.0 = Debug|Any CPU
		{56414682-D410-491D-BE47-EC2D79FB7E09}.Release|x64.ActiveCfg = Release|Any CPU
		{56414682-D410-491D-BE47-EC2D79FB7E09}.Release|x64.Build.0 = Release|Any CPU
		{56414682-D410-491D-BE47-EC2D79FB7E09}.Release|x86.ActiveCfg = Release|Any CPU
		{56414682-D410-491D-BE47-EC2D79FB7E09}.Release|x86.Build.0 = Release|Any CPU
		{6A7E1392-7A0D-47B5-BA6F-5A425083DBA2}.Debug|Any CPU.ActiveCfg = Debug|Any CPU
		{6A7E1392-7A0D-47B5-BA6F-5A425083DBA2}.Debug|Any CPU.Build.0 = Debug|Any CPU
		{6A7E1392-7A0D-47B5-BA6F-5A425083DBA2}.Debug|x64.ActiveCfg = Debug|Any CPU
		{6A7E1392-7A0D-47B5-BA6F-5A425083DBA2}.Debug|x64.Build.0 = Debug|Any CPU
		{6A7E1392-7A0D-47B5-BA6F-5A425083DBA2}.Debug|x86.ActiveCfg = Debug|Any CPU
		{6A7E1392-7A0D-47B5-BA6F-5A425083DBA2}.Debug|x86.Build.0 = Debug|Any CPU
		{6A7E1392-7A0D-47B5-BA6F-5A425083DBA2}.Release|Any CPU.ActiveCfg = Debug|Any CPU
		{6A7E1392-7A0D-47B5-BA6F-5A425083DBA2}.Release|Any CPU.Build.0 = Debug|Any CPU
		{6A7E1392-7A0D-47B5-BA6F-5A425083DBA2}.Release|x64.ActiveCfg = Release|Any CPU
		{6A7E1392-7A0D-47B5-BA6F-5A425083DBA2}.Release|x64.Build.0 = Release|Any CPU
		{6A7E1392-7A0D-47B5-BA6F-5A425083DBA2}.Release|x86.ActiveCfg = Release|Any CPU
		{6A7E1392-7A0D-47B5-BA6F-5A425083DBA2}.Release|x86.Build.0 = Release|Any CPU
		{4E112C7C-4F10-4862-926D-0D20F65F3974}.Debug|Any CPU.ActiveCfg = Debug|Any CPU
		{4E112C7C-4F10-4862-926D-0D20F65F3974}.Debug|Any CPU.Build.0 = Debug|Any CPU
		{4E112C7C-4F10-4862-926D-0D20F65F3974}.Debug|x64.ActiveCfg = Debug|Any CPU
		{4E112C7C-4F10-4862-926D-0D20F65F3974}.Debug|x64.Build.0 = Debug|Any CPU
		{4E112C7C-4F10-4862-926D-0D20F65F3974}.Debug|x86.ActiveCfg = Debug|Any CPU
		{4E112C7C-4F10-4862-926D-0D20F65F3974}.Debug|x86.Build.0 = Debug|Any CPU
		{4E112C7C-4F10-4862-926D-0D20F65F3974}.Release|Any CPU.ActiveCfg = Debug|Any CPU
		{4E112C7C-4F10-4862-926D-0D20F65F3974}.Release|Any CPU.Build.0 = Debug|Any CPU
		{4E112C7C-4F10-4862-926D-0D20F65F3974}.Release|x64.ActiveCfg = Release|Any CPU
		{4E112C7C-4F10-4862-926D-0D20F65F3974}.Release|x64.Build.0 = Release|Any CPU
		{4E112C7C-4F10-4862-926D-0D20F65F3974}.Release|x86.ActiveCfg = Release|Any CPU
		{4E112C7C-4F10-4862-926D-0D20F65F3974}.Release|x86.Build.0 = Release|Any CPU
		{7CE92357-7FA1-4CB3-BCC3-139CC6869BC5}.Debug|Any CPU.ActiveCfg = Debug|Any CPU
		{7CE92357-7FA1-4CB3-BCC3-139CC6869BC5}.Debug|Any CPU.Build.0 = Debug|Any CPU
		{7CE92357-7FA1-4CB3-BCC3-139CC6869BC5}.Debug|x64.ActiveCfg = Debug|Any CPU
		{7CE92357-7FA1-4CB3-BCC3-139CC6869BC5}.Debug|x64.Build.0 = Debug|Any CPU
		{7CE92357-7FA1-4CB3-BCC3-139CC6869BC5}.Debug|x86.ActiveCfg = Debug|Any CPU
		{7CE92357-7FA1-4CB3-BCC3-139CC6869BC5}.Debug|x86.Build.0 = Debug|Any CPU
		{7CE92357-7FA1-4CB3-BCC3-139CC6869BC5}.Release|Any CPU.ActiveCfg = Debug|Any CPU
		{7CE92357-7FA1-4CB3-BCC3-139CC6869BC5}.Release|Any CPU.Build.0 = Debug|Any CPU
		{7CE92357-7FA1-4CB3-BCC3-139CC6869BC5}.Release|x64.ActiveCfg = Release|Any CPU
		{7CE92357-7FA1-4CB3-BCC3-139CC6869BC5}.Release|x64.Build.0 = Release|Any CPU
		{7CE92357-7FA1-4CB3-BCC3-139CC6869BC5}.Release|x86.ActiveCfg = Release|Any CPU
		{7CE92357-7FA1-4CB3-BCC3-139CC6869BC5}.Release|x86.Build.0 = Release|Any CPU
	EndGlobalSection
	GlobalSection(SolutionProperties) = preSolution
		HideSolutionNode = FALSE
	EndGlobalSection
	GlobalSection(NestedProjects) = preSolution
		{B6FAC65B-4FCC-46C7-8FA4-8762ED78A78D} = {3870B92A-317E-4AF9-B089-01E291D301C2}
		{1FED9089-3EC2-4746-A5A5-AD0F9FC36721} = {8C5B2173-0360-4A03-8499-D10F79B6FACE}
		{D6C8BC61-BB83-43DC-B407-294A58F4A503} = {9DD3736B-B26E-4E83-8D26-5B988E4BEE47}
		{56414682-D410-491D-BE47-EC2D79FB7E09} = {48707E5A-0ED6-4802-873F-BC75200D2A45}
		{48707E5A-0ED6-4802-873F-BC75200D2A45} = {34E57573-CC6C-4186-8F1D-AF685708E74D}
		{99D617F9-4FD0-4A3B-85D7-4A11998E306A} = {34E57573-CC6C-4186-8F1D-AF685708E74D}
		{6A7E1392-7A0D-47B5-BA6F-5A425083DBA2} = {99D617F9-4FD0-4A3B-85D7-4A11998E306A}
		{7CE92357-7FA1-4CB3-BCC3-139CC6869BC5} = {D53DF233-1588-4C88-8FD0-A30E85F25786}
	EndGlobalSection
	GlobalSection(ExtensibilityGlobals) = postSolution
		SolutionGuid = {BD8DA9D5-EB91-4A08-BCAA-AED3D3B7E001}
	EndGlobalSection
EndGlobal
